
Microsoft Visual Studio Solution File, Format Version 12.00
# Visual Studio Version 16
VisualStudioVersion = 16.0.31112.23
MinimumVisualStudioVersion = 10.0.40219.1
Project("{9A19103F-16F7-4668-BE54-9A1E7A4F7556}") = "FilmesAPI", "Filmes\FilmesAPI.csproj", "{27E5B922-C461-4265-AF7C-00C152ACB972}"
EndProject
Project("{FAE04EC0-301F-11D3-BF4B-00C04F79EFBC}") = "UsuariosAPI", "UsuariosAPI\UsuariosAPI.csproj", "{A7CF6C73-4B69-4E4C-9095-E028501E3F5A}"
EndProject
Global
	GlobalSection(SolutionConfigurationPlatforms) = preSolution
		Debug|Any CPU = Debug|Any CPU
		Release|Any CPU = Release|Any CPU
	EndGlobalSection
	GlobalSection(ProjectConfigurationPlatforms) = postSolution
		{27E5B922-C461-4265-AF7C-00C152ACB972}.Debug|Any CPU.ActiveCfg = Debug|Any CPU
		{27E5B922-C461-4265-AF7C-00C152ACB972}.Debug|Any CPU.Build.0 = Debug|Any CPU
		{27E5B922-C461-4265-AF7C-00C152ACB972}.Release|Any CPU.ActiveCfg = Release|Any CPU
		{27E5B922-C461-4265-AF7C-00C152ACB972}.Release|Any CPU.Build.0 = Release|Any CPU
		{A7CF6C73-4B69-4E4C-9095-E028501E3F5A}.Debug|Any CPU.ActiveCfg = Debug|Any CPU
		{A7CF6C73-4B69-4E4C-9095-E028501E3F5A}.Debug|Any CPU.Build.0 = Debug|Any CPU
		{A7CF6C73-4B69-4E4C-9095-E028501E3F5A}.Release|Any CPU.ActiveCfg = Release|Any CPU
		{A7CF6C73-4B69-4E4C-9095-E028501E3F5A}.Release|Any CPU.Build.0 = Release|Any CPU
	EndGlobalSection
	GlobalSection(SolutionProperties) = preSolution
		HideSolutionNode = FALSE
	EndGlobalSection
	GlobalSection(ExtensibilityGlobals) = postSolution
		SolutionGuid = {48F6BCC6-A445-48E1-991D-D7B8BF30CD8E}
	EndGlobalSection
EndGlobal
